
Microsoft Visual Studio Solution File, Format Version 12.00
# Visual Studio Version 16
VisualStudioVersion = 16.0.28729.10
MinimumVisualStudioVersion = 10.0.40219.1
Project("{F184B08F-C81C-45F6-A57F-5ABD9991F28F}") = "EmployeeManager", "EmployeeManager\EmployeeManager.vbproj", "{89A5142A-FE10-4B15-B99F-33F25D4F9781}"
EndProject
Global
	GlobalSection(SolutionConfigurationPlatforms) = preSolution
		Debug|Any CPU = Debug|Any CPU
		Release|Any CPU = Release|Any CPU
	EndGlobalSection
	GlobalSection(ProjectConfigurationPlatforms) = postSolution
		{89A5142A-FE10-4B15-B99F-33F25D4F9781}.Debug|Any CPU.ActiveCfg = Debug|Any CPU
		{89A5142A-FE10-4B15-B99F-33F25D4F9781}.Debug|Any CPU.Build.0 = Debug|Any CPU
		{89A5142A-FE10-4B15-B99F-33F25D4F9781}.Release|Any CPU.ActiveCfg = Release|Any CPU
		{89A5142A-FE10-4B15-B99F-33F25D4F9781}.Release|Any CPU.Build.0 = Release|Any CPU
	EndGlobalSection
	GlobalSection(SolutionProperties) = preSolution
		HideSolutionNode = FALSE
	EndGlobalSection
	GlobalSection(ExtensibilityGlobals) = postSolution
		SolutionGuid = {14774DF8-E9A8-4165-8D8A-76C8FC0CBAD9}
	EndGlobalSection
EndGlobal
